
Microsoft Visual Studio Solution File, Format Version 12.00
# Visual Studio 15
Project("{FAE04EC0-301F-11D3-BF4B-00C04F79EFBC}") = "Assembly-CSharp", "Assembly-CSharp.csproj", "{E66456F4-A01C-7F91-8276-894B30D7787F}"
EndProject
Project("{FAE04EC0-301F-11D3-BF4B-00C04F79EFBC}") = "Assembly-CSharp-Editor", "Assembly-CSharp-Editor.csproj", "{AE4FFF48-78D7-30D2-E8D4-3D8990BFD092}"
EndProject
Global
	GlobalSection(SolutionConfigurationPlatforms) = preSolution
		Debug|Any CPU = Debug|Any CPU
		Release|Any CPU = Release|Any CPU
	EndGlobalSection
	GlobalSection(ProjectConfigurationPlatforms) = postSolution
		{E66456F4-A01C-7F91-8276-894B30D7787F}.Debug|Any CPU.ActiveCfg = Debug|Any CPU
		{E66456F4-A01C-7F91-8276-894B30D7787F}.Debug|Any CPU.Build.0 = Debug|Any CPU
		{E66456F4-A01C-7F91-8276-894B30D7787F}.Release|Any CPU.ActiveCfg = Release|Any CPU
		{E66456F4-A01C-7F91-8276-894B30D7787F}.Release|Any CPU.Build.0 = Release|Any CPU
		{AE4FFF48-78D7-30D2-E8D4-3D8990BFD092}.Debug|Any CPU.ActiveCfg = Debug|Any CPU
		{AE4FFF48-78D7-30D2-E8D4-3D8990BFD092}.Debug|Any CPU.Build.0 = Debug|Any CPU
		{AE4FFF48-78D7-30D2-E8D4-3D8990BFD092}.Release|Any CPU.ActiveCfg = Release|Any CPU
		{AE4FFF48-78D7-30D2-E8D4-3D8990BFD092}.Release|Any CPU.Build.0 = Release|Any CPU
	EndGlobalSection
	GlobalSection(SolutionProperties) = preSolution
		HideSolutionNode = FALSE
	EndGlobalSection
EndGlobal
